{
  "object": {
    "pins": [
      {
        "package": "Passbase",
        "repositoryURL": "https://github.com/passbase/passbase-sp.git",
        "state": {
          "branch": null,
          "revision": "b209a3a305cc9954d4794f2eca0c3368208968c3",
          "version": "2.8.0"
        }
      }
    ]
  },
  "version": 1
}
